<?xml version="1.0" encoding="UTF-8"?>
<CodeBlocks_project_file>
	<FileVersion major="1" minor="6"/>
	<Project>
		<Option title="fakeHumanAgent"/>
		<Option makefile_is_custom="1"/>
		<Option compiler="gcc"/>
		<Option virtualFolders="CMake Files\;CMake Files\src\;CMake Files\..\;CMake Files\..\..\;CMake Files\..\..\..\;CMake Files\..\..\..\..\;CMake Files\..\..\..\..\..\;CMake Files\..\..\..\..\..\..\;CMake Files\..\..\..\..\..\..\..\;CMake Files\..\..\..\..\..\..\..\opt\;CMake Files\..\..\..\..\..\..\..\opt\robocomp\;CMake Files\..\..\..\..\..\..\..\opt\robocomp\cmake\;"/>
		<Build>
			<Target title="all">
				<Option working_dir="/home/robocomp/robocomp/components/robocomp-viriato/components/fakeHumanAgent/src"/>
				<Option type="4"/>
				<MakeCommands>
					<Build command="/usr/bin/make -f &quot;/home/robocomp/robocomp/components/robocomp-viriato/components/fakeHumanAgent/src/Makefile&quot;  VERBOSE=1 all"/>
					<CompileFile command="/usr/bin/make -f &quot;/home/robocomp/robocomp/components/robocomp-viriato/components/fakeHumanAgent/src/Makefile&quot;  VERBOSE=1 &quot;$file&quot;"/>
					<Clean command="/usr/bin/make -f &quot;/home/robocomp/robocomp/components/robocomp-viriato/components/fakeHumanAgent/src/Makefile&quot;  VERBOSE=1 clean"/>
					<DistClean command="/usr/bin/make -f &quot;/home/robocomp/robocomp/components/robocomp-viriato/components/fakeHumanAgent/src/Makefile&quot;  VERBOSE=1 clean"/>
				</MakeCommands>
			</Target>
			<Target title="fakeHumanAgent">
				<Option output="/home/robocomp/robocomp/components/robocomp-viriato/components/fakeHumanAgent/bin/fakeHumanAgent" prefix_auto="0" extension_auto="0"/>
				<Option working_dir="/home/robocomp/robocomp/components/robocomp-viriato/components/fakeHumanAgent/bin"/>
				<Option object_output="./"/>
				<Option type="1"/>
				<Option compiler="gcc"/>
				<Compiler>
					<Add option="-DQT_XML_LIB"/>
					<Add option="-DQT_DLL"/>
					<Add option="-DQT_GUI_LIB"/>
					<Add option="-DQT_CORE_LIB"/>
					<Add option="-DQT_NO_DEBUG"/>
					<Add option="-DQT_OPENGL_LIB"/>
					<Add directory="/home/robocomp/robocomp/components/robocomp-viriato/components/fakeHumanAgent/src/fakeHumanAgent_autogen/include"/>
					<Add directory="/home/robocomp/robocomp/components/robocomp-viriato/components/fakeHumanAgent/src"/>
					<Add directory="/home/robocomp/robocomp/components/robocomp-viriato/components/fakeHumanAgent/src/."/>
					<Add directory="/opt/robocomp/include"/>
					<Add directory="/classes"/>
					<Add directory="/home/robocomp/robocomp/components/robocomp-viriato/components/fakeHumanAgent"/>
					<Add directory="/opt/robocomp/classes"/>
					<Add directory="/opt/robocomp/libs"/>
					<Add directory="/opt/robocomp/interfaces"/>
					<Add directory="/include"/>
					<Add directory="/usr/include/qt4"/>
					<Add directory="/usr/include/qt4/QtOpenGL"/>
					<Add directory="/usr/include/qt4/QtGui"/>
					<Add directory="/usr/include/qt4/QtXml"/>
					<Add directory="/usr/include/qt4/QtCore"/>
				</Compiler>
				<MakeCommands>
					<Build command="/usr/bin/make -f &quot;/home/robocomp/robocomp/components/robocomp-viriato/components/fakeHumanAgent/src/Makefile&quot;  VERBOSE=1 fakeHumanAgent"/>
					<CompileFile command="/usr/bin/make -f &quot;/home/robocomp/robocomp/components/robocomp-viriato/components/fakeHumanAgent/src/Makefile&quot;  VERBOSE=1 &quot;$file&quot;"/>
					<Clean command="/usr/bin/make -f &quot;/home/robocomp/robocomp/components/robocomp-viriato/components/fakeHumanAgent/src/Makefile&quot;  VERBOSE=1 clean"/>
					<DistClean command="/usr/bin/make -f &quot;/home/robocomp/robocomp/components/robocomp-viriato/components/fakeHumanAgent/src/Makefile&quot;  VERBOSE=1 clean"/>
				</MakeCommands>
			</Target>
			<Target title="fakeHumanAgent/fast">
				<Option output="/home/robocomp/robocomp/components/robocomp-viriato/components/fakeHumanAgent/bin/fakeHumanAgent" prefix_auto="0" extension_auto="0"/>
				<Option working_dir="/home/robocomp/robocomp/components/robocomp-viriato/components/fakeHumanAgent/bin"/>
				<Option object_output="./"/>
				<Option type="1"/>
				<Option compiler="gcc"/>
				<Compiler>
					<Add option="-DQT_XML_LIB"/>
					<Add option="-DQT_DLL"/>
					<Add option="-DQT_GUI_LIB"/>
					<Add option="-DQT_CORE_LIB"/>
					<Add option="-DQT_NO_DEBUG"/>
					<Add option="-DQT_OPENGL_LIB"/>
					<Add directory="/home/robocomp/robocomp/components/robocomp-viriato/components/fakeHumanAgent/src/fakeHumanAgent_autogen/include"/>
					<Add directory="/home/robocomp/robocomp/components/robocomp-viriato/components/fakeHumanAgent/src"/>
					<Add directory="/home/robocomp/robocomp/components/robocomp-viriato/components/fakeHumanAgent/src/."/>
					<Add directory="/opt/robocomp/include"/>
					<Add directory="/classes"/>
					<Add directory="/home/robocomp/robocomp/components/robocomp-viriato/components/fakeHumanAgent"/>
					<Add directory="/opt/robocomp/classes"/>
					<Add directory="/opt/robocomp/libs"/>
					<Add directory="/opt/robocomp/interfaces"/>
					<Add directory="/include"/>
					<Add directory="/usr/include/qt4"/>
					<Add directory="/usr/include/qt4/QtOpenGL"/>
					<Add directory="/usr/include/qt4/QtGui"/>
					<Add directory="/usr/include/qt4/QtXml"/>
					<Add directory="/usr/include/qt4/QtCore"/>
				</Compiler>
				<MakeCommands>
					<Build command="/usr/bin/make -f &quot;/home/robocomp/robocomp/components/robocomp-viriato/components/fakeHumanAgent/src/Makefile&quot;  VERBOSE=1 fakeHumanAgent/fast"/>
					<CompileFile command="/usr/bin/make -f &quot;/home/robocomp/robocomp/components/robocomp-viriato/components/fakeHumanAgent/src/Makefile&quot;  VERBOSE=1 &quot;$file&quot;"/>
					<Clean command="/usr/bin/make -f &quot;/home/robocomp/robocomp/components/robocomp-viriato/components/fakeHumanAgent/src/Makefile&quot;  VERBOSE=1 clean"/>
					<DistClean command="/usr/bin/make -f &quot;/home/robocomp/robocomp/components/robocomp-viriato/components/fakeHumanAgent/src/Makefile&quot;  VERBOSE=1 clean"/>
				</MakeCommands>
			</Target>
			<Target title="fakeHumanAgent_autogen">
				<Option working_dir="/home/robocomp/robocomp/components/robocomp-viriato/components/fakeHumanAgent/src"/>
				<Option type="4"/>
				<MakeCommands>
					<Build command="/usr/bin/make -f &quot;/home/robocomp/robocomp/components/robocomp-viriato/components/fakeHumanAgent/src/Makefile&quot;  VERBOSE=1 fakeHumanAgent_autogen"/>
					<CompileFile command="/usr/bin/make -f &quot;/home/robocomp/robocomp/components/robocomp-viriato/components/fakeHumanAgent/src/Makefile&quot;  VERBOSE=1 &quot;$file&quot;"/>
					<Clean command="/usr/bin/make -f &quot;/home/robocomp/robocomp/components/robocomp-viriato/components/fakeHumanAgent/src/Makefile&quot;  VERBOSE=1 clean"/>
					<DistClean command="/usr/bin/make -f &quot;/home/robocomp/robocomp/components/robocomp-viriato/components/fakeHumanAgent/src/Makefile&quot;  VERBOSE=1 clean"/>
				</MakeCommands>
			</Target>
		</Build>
		<Unit filename="/home/robocomp/robocomp/components/robocomp-viriato/components/fakeHumanAgent/src/AGMCommonBehavior.cpp">
			<Option target="fakeHumanAgent"/>
		</Unit>
		<Unit filename="/home/robocomp/robocomp/components/robocomp-viriato/components/fakeHumanAgent/src/AGMCommonBehavior.cpp.rule">
			<Option target="fakeHumanAgent"/>
		</Unit>
		<Unit filename="/home/robocomp/robocomp/components/robocomp-viriato/components/fakeHumanAgent/src/AGMCommonBehavior.h">
			<Option target="fakeHumanAgent"/>
		</Unit>
		<Unit filename="/home/robocomp/robocomp/components/robocomp-viriato/components/fakeHumanAgent/src/AGMExecutive.cpp">
			<Option target="fakeHumanAgent"/>
		</Unit>
		<Unit filename="/home/robocomp/robocomp/components/robocomp-viriato/components/fakeHumanAgent/src/AGMExecutive.cpp.rule">
			<Option target="fakeHumanAgent"/>
		</Unit>
		<Unit filename="/home/robocomp/robocomp/components/robocomp-viriato/components/fakeHumanAgent/src/AGMExecutive.h">
			<Option target="fakeHumanAgent"/>
		</Unit>
		<Unit filename="/home/robocomp/robocomp/components/robocomp-viriato/components/fakeHumanAgent/src/AGMWorldModel.cpp">
			<Option target="fakeHumanAgent"/>
		</Unit>
		<Unit filename="/home/robocomp/robocomp/components/robocomp-viriato/components/fakeHumanAgent/src/AGMWorldModel.cpp.rule">
			<Option target="fakeHumanAgent"/>
		</Unit>
		<Unit filename="/home/robocomp/robocomp/components/robocomp-viriato/components/fakeHumanAgent/src/AGMWorldModel.h">
			<Option target="fakeHumanAgent"/>
		</Unit>
		<Unit filename="/home/robocomp/robocomp/components/robocomp-viriato/components/fakeHumanAgent/src/CommonBehavior.cpp">
			<Option target="fakeHumanAgent"/>
		</Unit>
		<Unit filename="/home/robocomp/robocomp/components/robocomp-viriato/components/fakeHumanAgent/src/CommonBehavior.cpp.rule">
			<Option target="fakeHumanAgent"/>
		</Unit>
		<Unit filename="/home/robocomp/robocomp/components/robocomp-viriato/components/fakeHumanAgent/src/CommonBehavior.h">
			<Option target="fakeHumanAgent"/>
		</Unit>
		<Unit filename="/home/robocomp/robocomp/components/robocomp-viriato/components/fakeHumanAgent/src/InnerModelManager.cpp">
			<Option target="fakeHumanAgent"/>
		</Unit>
		<Unit filename="/home/robocomp/robocomp/components/robocomp-viriato/components/fakeHumanAgent/src/InnerModelManager.cpp.rule">
			<Option target="fakeHumanAgent"/>
		</Unit>
		<Unit filename="/home/robocomp/robocomp/components/robocomp-viriato/components/fakeHumanAgent/src/InnerModelManager.h">
			<Option target="fakeHumanAgent"/>
		</Unit>
		<Unit filename="/home/robocomp/robocomp/components/robocomp-viriato/components/fakeHumanAgent/src/Planning.cpp">
			<Option target="fakeHumanAgent"/>
		</Unit>
		<Unit filename="/home/robocomp/robocomp/components/robocomp-viriato/components/fakeHumanAgent/src/Planning.cpp.rule">
			<Option target="fakeHumanAgent"/>
		</Unit>
		<Unit filename="/home/robocomp/robocomp/components/robocomp-viriato/components/fakeHumanAgent/src/Planning.h">
			<Option target="fakeHumanAgent"/>
		</Unit>
		<Unit filename="/home/robocomp/robocomp/components/robocomp-viriato/components/fakeHumanAgent/src/agmcommonbehaviorI.cpp">
			<Option target="fakeHumanAgent"/>
		</Unit>
		<Unit filename="/home/robocomp/robocomp/components/robocomp-viriato/components/fakeHumanAgent/src/agmcommonbehaviorI.h">
			<Option target="fakeHumanAgent"/>
		</Unit>
		<Unit filename="/home/robocomp/robocomp/components/robocomp-viriato/components/fakeHumanAgent/src/agmexecutivetopicI.cpp">
			<Option target="fakeHumanAgent"/>
		</Unit>
		<Unit filename="/home/robocomp/robocomp/components/robocomp-viriato/components/fakeHumanAgent/src/agmexecutivetopicI.h">
			<Option target="fakeHumanAgent"/>
		</Unit>
		<Unit filename="/home/robocomp/robocomp/components/robocomp-viriato/components/fakeHumanAgent/src/commonbehaviorI.cpp">
			<Option target="fakeHumanAgent"/>
		</Unit>
		<Unit filename="/home/robocomp/robocomp/components/robocomp-viriato/components/fakeHumanAgent/src/commonbehaviorI.h">
			<Option target="fakeHumanAgent"/>
		</Unit>
		<Unit filename="/home/robocomp/robocomp/components/robocomp-viriato/components/fakeHumanAgent/src/fakeHumanAgent_autogen/mocs_compilation.cpp">
			<Option target="fakeHumanAgent"/>
		</Unit>
		<Unit filename="/home/robocomp/robocomp/components/robocomp-viriato/components/fakeHumanAgent/src/genericmonitor.cpp">
			<Option target="fakeHumanAgent"/>
		</Unit>
		<Unit filename="/home/robocomp/robocomp/components/robocomp-viriato/components/fakeHumanAgent/src/genericmonitor.h">
			<Option target="fakeHumanAgent"/>
		</Unit>
		<Unit filename="/home/robocomp/robocomp/components/robocomp-viriato/components/fakeHumanAgent/src/genericworker.cpp">
			<Option target="fakeHumanAgent"/>
		</Unit>
		<Unit filename="/home/robocomp/robocomp/components/robocomp-viriato/components/fakeHumanAgent/src/genericworker.h">
			<Option target="fakeHumanAgent"/>
		</Unit>
		<Unit filename="/home/robocomp/robocomp/components/robocomp-viriato/components/fakeHumanAgent/src/main.cpp">
			<Option target="fakeHumanAgent"/>
		</Unit>
		<Unit filename="/home/robocomp/robocomp/components/robocomp-viriato/components/fakeHumanAgent/src/mainUI.ui">
			<Option target="fakeHumanAgent"/>
		</Unit>
		<Unit filename="/home/robocomp/robocomp/components/robocomp-viriato/components/fakeHumanAgent/src/specificmonitor.cpp">
			<Option target="fakeHumanAgent"/>
		</Unit>
		<Unit filename="/home/robocomp/robocomp/components/robocomp-viriato/components/fakeHumanAgent/src/specificmonitor.h">
			<Option target="fakeHumanAgent"/>
		</Unit>
		<Unit filename="/home/robocomp/robocomp/components/robocomp-viriato/components/fakeHumanAgent/src/specificworker.cpp">
			<Option target="fakeHumanAgent"/>
		</Unit>
		<Unit filename="/home/robocomp/robocomp/components/robocomp-viriato/components/fakeHumanAgent/src/specificworker.h">
			<Option target="fakeHumanAgent"/>
		</Unit>
		<Unit filename="/home/robocomp/robocomp/components/robocomp-viriato/components/fakeHumanAgent/src/ui_mainUI.h">
			<Option target="fakeHumanAgent"/>
		</Unit>
		<Unit filename="/opt/robocomp/classes/qjoystick/qjoystick.cpp">
			<Option target="fakeHumanAgent"/>
		</Unit>
		<Unit filename="/opt/robocomp/classes/qjoystick/qjoystick.h">
			<Option target="fakeHumanAgent"/>
		</Unit>
		<Unit filename="/opt/robocomp/classes/qlog/qlog.cpp">
			<Option target="fakeHumanAgent"/>
		</Unit>
		<Unit filename="/opt/robocomp/classes/qlog/qlog.h">
			<Option target="fakeHumanAgent"/>
		</Unit>
		<Unit filename="/opt/robocomp/classes/rapplication/rapplication.cpp">
			<Option target="fakeHumanAgent"/>
		</Unit>
		<Unit filename="/opt/robocomp/classes/rapplication/rapplication.h">
			<Option target="fakeHumanAgent"/>
		</Unit>
		<Unit filename="/home/robocomp/robocomp/components/robocomp-viriato/components/fakeHumanAgent/CMakeLists.txt">
			<Option virtualFolder="CMake Files\"/>
		</Unit>
		<Unit filename="/home/robocomp/robocomp/components/robocomp-viriato/components/fakeHumanAgent/src/CMakeLists.txt">
			<Option virtualFolder="CMake Files\src\"/>
		</Unit>
		<Unit filename="/home/robocomp/robocomp/components/robocomp-viriato/components/fakeHumanAgent/src/CMakeListsSpecific.txt">
			<Option virtualFolder="CMake Files\src\"/>
		</Unit>
		<Unit filename="/home/robocomp/robocomp/components/robocomp-viriato/components/fakeHumanAgent/../../../../../../../opt/robocomp/cmake/robocomp.cmake">
			<Option virtualFolder="CMake Files\..\..\..\..\..\..\..\opt\robocomp\cmake\"/>
		</Unit>
	</Project>
</CodeBlocks_project_file>
